// !$*UTF8*$!
{
	archiveVersion = 1;
	classes = {
	};
	objectVersion = 48;
	objects = {

/* Begin PBXBuildFile section */
		D6047B81AD13D6FA39B7CC5A /* Pods_Autonumber_Scanner.framework in Frameworks */ = {isa = PBXBuildFile; fileRef = CF6E52EC8C9B91D6CAA724B8 /* Pods_Autonumber_Scanner.framework */; };
		DBA225DB1F9FB42F003AE160 /* AppDelegate.swift in Sources */ = {isa = PBXBuildFile; fileRef = DBA225DA1F9FB42F003AE160 /* AppDelegate.swift */; };
		DBA225DD1F9FB42F003AE160 /* ViewController.swift in Sources */ = {isa = PBXBuildFile; fileRef = DBA225DC1F9FB42F003AE160 /* ViewController.swift */; };
		DBA225E01F9FB42F003AE160 /* Main.storyboard in Resources */ = {isa = PBXBuildFile; fileRef = DBA225DE1F9FB42F003AE160 /* Main.storyboard */; };
		DBA225E21F9FB42F003AE160 /* Assets.xcassets in Resources */ = {isa = PBXBuildFile; fileRef = DBA225E11F9FB42F003AE160 /* Assets.xcassets */; };
		DBA225E51F9FB42F003AE160 /* LaunchScreen.storyboard in Resources */ = {isa = PBXBuildFile; fileRef = DBA225E31F9FB42F003AE160 /* LaunchScreen.storyboard */; };
/* End PBXBuildFile section */

/* Begin PBXFileReference section */
		3A036691A2E2380CD323A182 /* Pods-Autonumber Scanner.debug.xcconfig */ = {isa = PBXFileReference; includeInIndex = 1; lastKnownFileType = text.xcconfig; name = "Pods-Autonumber Scanner.debug.xcconfig"; path = "Pods/Target Support Files/Pods-Autonumber Scanner/Pods-Autonumber Scanner.debug.xcconfig"; sourceTree = "<group>"; };
		5BF8918E83974501373F208C /* Pods-Autonumber Scanner.release.xcconfig */ = {isa = PBXFileReference; includeInIndex = 1; lastKnownFileType = text.xcconfig; name = "Pods-Autonumber Scanner.release.xcconfig"; path = "Pods/Target Support Files/Pods-Autonumber Scanner/Pods-Autonumber Scanner.release.xcconfig"; sourceTree = "<group>"; };
		CF6E52EC8C9B91D6CAA724B8 /* Pods_Autonumber_Scanner.framework */ = {isa = PBXFileReference; explicitFileType = wrapper.framework; includeInIndex = 0; path = Pods_Autonumber_Scanner.framework; sourceTree = BUILT_PRODUCTS_DIR; };
		DBA225D71F9FB42F003AE160 /* Autonumber Scanner.app */ = {isa = PBXFileReference; explicitFileType = wrapper.application; includeInIndex = 0; path = "Autonumber Scanner.app"; sourceTree = BUILT_PRODUCTS_DIR; };
		DBA225DA1F9FB42F003AE160 /* AppDelegate.swift */ = {isa = PBXFileReference; lastKnownFileType = sourcecode.swift; path = AppDelegate.swift; sourceTree = "<group>"; };
		DBA225DC1F9FB42F003AE160 /* ViewController.swift */ = {isa = PBXFileReference; lastKnownFileType = sourcecode.swift; path = ViewController.swift; sourceTree = "<group>"; };
		DBA225DF1F9FB42F003AE160 /* Base */ = {isa = PBXFileReference; lastKnownFileType = file.storyboard; name = Base; path = Base.lproj/Main.storyboard; sourceTree = "<group>"; };
		DBA225E11F9FB42F003AE160 /* Assets.xcassets */ = {isa = PBXFileReference; lastKnownFileType = folder.assetcatalog; path = Assets.xcassets; sourceTree = "<group>"; };
		DBA225E41F9FB42F003AE160 /* Base */ = {isa = PBXFileReference; lastKnownFileType = file.storyboard; name = Base; path = Base.lproj/LaunchScreen.storyboard; sourceTree = "<group>"; };
		DBA225E61F9FB42F003AE160 /* Info.plist */ = {isa = PBXFileReference; lastKnownFileType = text.plist.xml; path = Info.plist; sourceTree = "<group>"; };
/* End PBXFileReference section */

/* Begin PBXFrameworksBuildPhase section */
		DBA225D41F9FB42F003AE160 /* Frameworks */ = {
			isa = PBXFrameworksBuildPhase;
			buildActionMask = 2147483647;
			files = (
				D6047B81AD13D6FA39B7CC5A /* Pods_Autonumber_Scanner.framework in Frameworks */,
			);
			runOnlyForDeploymentPostprocessing = 0;
		};
/* End PBXFrameworksBuildPhase section */

/* Begin PBXGroup section */
		A7A2E6E144AD968805236E5C /* Pods */ = {
			isa = PBXGroup;
			children = (
				3A036691A2E2380CD323A182 /* Pods-Autonumber Scanner.debug.xcconfig */,
				5BF8918E83974501373F208C /* Pods-Autonumber Scanner.release.xcconfig */,
			);
			name = Pods;
			sourceTree = "<group>";
		};
		DBA225CE1F9FB42F003AE160 = {
			isa = PBXGroup;
			children = (
				DBA225D91F9FB42F003AE160 /* Autonumber Scanner */,
				DBA225D81F9FB42F003AE160 /* Products */,
				A7A2E6E144AD968805236E5C /* Pods */,
				EFC2D5A1F96BDDF17521B9D1 /* Frameworks */,
			);
			sourceTree = "<group>";
		};
		DBA225D81F9FB42F003AE160 /* Products */ = {
			isa = PBXGroup;
			children = (
				DBA225D71F9FB42F003AE160 /* Autonumber Scanner.app */,
			);
			name = Products;
			sourceTree = "<group>";
		};
		DBA225D91F9FB42F003AE160 /* Autonumber Scanner */ = {
			isa = PBXGroup;
			children = (
				DBA225DA1F9FB42F003AE160 /* AppDelegate.swift */,
				DBA225DC1F9FB42F003AE160 /* ViewController.swift */,
				DBA225DE1F9FB42F003AE160 /* Main.storyboard */,
				DBA225E11F9FB42F003AE160 /* Assets.xcassets */,
				DBA225E31F9FB42F003AE160 /* LaunchScreen.storyboard */,
				DBA225E61F9FB42F003AE160 /* Info.plist */,
			);
			path = "Autonumber Scanner";
			sourceTree = "<group>";
		};
		EFC2D5A1F96BDDF17521B9D1 /* Frameworks */ = {
			isa = PBXGroup;
			children = (
				CF6E52EC8C9B91D6CAA724B8 /* Pods_Autonumber_Scanner.framework */,
			);
			name = Frameworks;
			sourceTree = "<group>";
		};
/* End PBXGroup section */

/* Begin PBXNativeTarget section */
		DBA225D61F9FB42F003AE160 /* Autonumber Scanner */ = {
			isa = PBXNativeTarget;
			buildConfigurationList = DBA225E91F9FB42F003AE160 /* Build configuration list for PBXNativeTarget "Autonumber Scanner" */;
			buildPhases = (
				E2D26951551FC8D4BDD6E4C1 /* [CP] Check Pods Manifest.lock */,
				DBA225D31F9FB42F003AE160 /* Sources */,
				DBA225D41F9FB42F003AE160 /* Frameworks */,
				DBA225D51F9FB42F003AE160 /* Resources */,
				90260BC43F2845E48CFDC119 /* [CP] Embed Pods Frameworks */,
				995E61FD64FB0E6222B6FDB7 /* [CP] Copy Pods Resources */,
			);
			buildRules = (
			);
			dependencies = (
			);
			name = "Autonumber Scanner";
			productName = "Autonumber Scanner";
			productReference = DBA225D71F9FB42F003AE160 /* Autonumber Scanner.app */;
			productType = "com.apple.product-type.application";
		};
/* End PBXNativeTarget section */

/* Begin PBXProject section */
		DBA225CF1F9FB42F003AE160 /* Project object */ = {
			isa = PBXProject;
			attributes = {
				LastSwiftUpdateCheck = 0900;
				LastUpgradeCheck = 0900;
				ORGANIZATIONNAME = "Andrey Sak";
				TargetAttributes = {
					DBA225D61F9FB42F003AE160 = {
						CreatedOnToolsVersion = 9.0.1;
						ProvisioningStyle = Automatic;
					};
				};
			};
			buildConfigurationList = DBA225D21F9FB42F003AE160 /* Build configuration list for PBXProject "Autonumber Scanner" */;
			compatibilityVersion = "Xcode 8.0";
			developmentRegion = en;
			hasScannedForEncodings = 0;
			knownRegions = (
				en,
				Base,
			);
			mainGroup = DBA225CE1F9FB42F003AE160;
			productRefGroup = DBA225D81F9FB42F003AE160 /* Products */;
			projectDirPath = "";
			projectRoot = "";
			targets = (
				DBA225D61F9FB42F003AE160 /* Autonumber Scanner */,
			);
		};
/* End PBXProject section */

/* Begin PBXResourcesBuildPhase section */
		DBA225D51F9FB42F003AE160 /* Resources */ = {
			isa = PBXResourcesBuildPhase;
			buildActionMask = 2147483647;
			files = (
				DBA225E51F9FB42F003AE160 /* LaunchScreen.storyboard in Resources */,
				DBA225E21F9FB42F003AE160 /* Assets.xcassets in Resources */,
				DBA225E01F9FB42F003AE160 /* Main.storyboard in Resources */,
			);
			runOnlyForDeploymentPostprocessing = 0;
		};
/* End PBXResourcesBuildPhase section */

/* Begin PBXShellScriptBuildPhase section */
		90260BC43F2845E48CFDC119 /* [CP] Embed Pods Frameworks */ = {
			isa = PBXShellScriptBuildPhase;
			buildActionMask = 2147483647;
			files = (
			);
			inputPaths = (
				"${SRCROOT}/Pods/Target Support Files/Pods-Autonumber Scanner/Pods-Autonumber Scanner-frameworks.sh",
				"${BUILT_PRODUCTS_DIR}/AWSCognito/AWSCognito.framework",
				"${BUILT_PRODUCTS_DIR}/AWSCognitoIdentityProvider/AWSCognitoIdentityProvider.framework",
				"${BUILT_PRODUCTS_DIR}/AWSCore/AWSCore.framework",
				"${BUILT_PRODUCTS_DIR}/AWSLambda/AWSLambda.framework",
				"${BUILT_PRODUCTS_DIR}/CameraEngine/CameraEngine.framework",
				"${BUILT_PRODUCTS_DIR}/ENSwiftSideMenu/ENSwiftSideMenu.framework",
				"${BUILT_PRODUCTS_DIR}/Forbind/Forbind.framework",
				"${BUILT_PRODUCTS_DIR}/Proposer/Proposer.framework",
			);
			name = "[CP] Embed Pods Frameworks";
			outputPaths = (
				"${TARGET_BUILD_DIR}/${FRAMEWORKS_FOLDER_PATH}/AWSCognito.framework",
				"${TARGET_BUILD_DIR}/${FRAMEWORKS_FOLDER_PATH}/AWSCognitoIdentityProvider.framework",
				"${TARGET_BUILD_DIR}/${FRAMEWORKS_FOLDER_PATH}/AWSCore.framework",
				"${TARGET_BUILD_DIR}/${FRAMEWORKS_FOLDER_PATH}/AWSLambda.framework",
				"${TARGET_BUILD_DIR}/${FRAMEWORKS_FOLDER_PATH}/CameraEngine.framework",
				"${TARGET_BUILD_DIR}/${FRAMEWORKS_FOLDER_PATH}/ENSwiftSideMenu.framework",
				"${TARGET_BUILD_DIR}/${FRAMEWORKS_FOLDER_PATH}/Forbind.framework",
				"${TARGET_BUILD_DIR}/${FRAMEWORKS_FOLDER_PATH}/Proposer.framework",
			);
			runOnlyForDeploymentPostprocessing = 0;
			shellPath = /bin/sh;
			shellScript = "\"${SRCROOT}/Pods/Target Support Files/Pods-Autonumber Scanner/Pods-Autonumber Scanner-frameworks.sh\"\n";
			showEnvVarsInLog = 0;
		};
		995E61FD64FB0E6222B6FDB7 /* [CP] Copy Pods Resources */ = {
			isa = PBXShellScriptBuildPhase;
			buildActionMask = 2147483647;
			files = (
			);
			inputPaths = (
			);
			name = "[CP] Copy Pods Resources";
			outputPaths = (
			);
			runOnlyForDeploymentPostprocessing = 0;
			shellPath = /bin/sh;
			shellScript = "\"${SRCROOT}/Pods/Target Support Files/Pods-Autonumber Scanner/Pods-Autonumber Scanner-resources.sh\"\n";
			showEnvVarsInLog = 0;
		};
		E2D26951551FC8D4BDD6E4C1 /* [CP] Check Pods Manifest.lock */ = {
			isa = PBXShellScriptBuildPhase;
			buildActionMask = 2147483647;
			files = (
			);
			inputPaths = (
				"${PODS_PODFILE_DIR_PATH}/Podfile.lock",
				"${PODS_ROOT}/Manifest.lock",
			);
			name = "[CP] Check Pods Manifest.lock";
			outputPaths = (
				"$(DERIVED_FILE_DIR)/Pods-Autonumber Scanner-checkManifestLockResult.txt",
			);
			runOnlyForDeploymentPostprocessing = 0;
			shellPath = /bin/sh;
			shellScript = "diff \"${PODS_PODFILE_DIR_PATH}/Podfile.lock\" \"${PODS_ROOT}/Manifest.lock\" > /dev/null\nif [ $? != 0 ] ; then\n    # print error to STDERR\n    echo \"error: The sandbox is not in sync with the Podfile.lock. Run 'pod install' or update your CocoaPods installation.\" >&2\n    exit 1\nfi\n# This output is used by Xcode 'outputs' to avoid re-running this script phase.\necho \"SUCCESS\" > \"${SCRIPT_OUTPUT_FILE_0}\"\n";
			showEnvVarsInLog = 0;
		};
/* End PBXShellScriptBuildPhase section */

/* Begin PBXSourcesBuildPhase section */
		DBA225D31F9FB42F003AE160 /* Sources */ = {
			isa = PBXSourcesBuildPhase;
			buildActionMask = 2147483647;
			files = (
				DBA225DD1F9FB42F003AE160 /* ViewController.swift in Sources */,
				DBA225DB1F9FB42F003AE160 /* AppDelegate.swift in Sources */,
			);
			runOnlyForDeploymentPostprocessing = 0;
		};
/* End PBXSourcesBuildPhase section */

/* Begin PBXVariantGroup section */
		DBA225DE1F9FB42F003AE160 /* Main.storyboard */ = {
			isa = PBXVariantGroup;
			children = (
				DBA225DF1F9FB42F003AE160 /* Base */,
			);
			name = Main.storyboard;
			sourceTree = "<group>";
		};
		DBA225E31F9FB42F003AE160 /* LaunchScreen.storyboard */ = {
			isa = PBXVariantGroup;
			children = (
				DBA225E41F9FB42F003AE160 /* Base */,
			);
			name = LaunchScreen.storyboard;
			sourceTree = "<group>";
		};
/* End PBXVariantGroup section */

/* Begin XCBuildConfiguration section */
		DBA225E71F9FB42F003AE160 /* Debug */ = {
			isa = XCBuildConfiguration;
			buildSettings = {
				ALWAYS_SEARCH_USER_PATHS = NO;
				CLANG_ANALYZER_NONNULL = YES;
				CLANG_ANALYZER_NUMBER_OBJECT_CONVERSION = YES_AGGRESSIVE;
				CLANG_CXX_LANGUAGE_STANDARD = "gnu++14";
				CLANG_CXX_LIBRARY = "libc++";
				CLANG_ENABLE_MODULES = YES;
				CLANG_ENABLE_OBJC_ARC = YES;
				CLANG_WARN_BLOCK_CAPTURE_AUTORELEASING = YES;
				CLANG_WARN_BOOL_CONVERSION = YES;
				CLANG_WARN_COMMA = YES;
				CLANG_WARN_CONSTANT_CONVERSION = YES;
				CLANG_WARN_DIRECT_OBJC_ISA_USAGE = YES_ERROR;
				CLANG_WARN_DOCUMENTATION_COMMENTS = YES;
				CLANG_WARN_EMPTY_BODY = YES;
				CLANG_WARN_ENUM_CONVERSION = YES;
				CLANG_WARN_INFINITE_RECURSION = YES;
				CLANG_WARN_INT_CONVERSION = YES;
				CLANG_WARN_NON_LITERAL_NULL_CONVERSION = YES;
				CLANG_WARN_OBJC_LITERAL_CONVERSION = YES;
				CLANG_WARN_OBJC_ROOT_CLASS = YES_ERROR;
				CLANG_WARN_RANGE_LOOP_ANALYSIS = YES;
				CLANG_WARN_STRICT_PROTOTYPES = YES;
				CLANG_WARN_SUSPICIOUS_MOVE = YES;
				CLANG_WARN_UNGUARDED_AVAILABILITY = YES_AGGRESSIVE;
				CLANG_WARN_UNREACHABLE_CODE = YES;
				CLANG_WARN__DUPLICATE_METHOD_MATCH = YES;
				CODE_SIGN_IDENTITY = "iPhone Developer";
				COPY_PHASE_STRIP = NO;
				DEBUG_INFORMATION_FORMAT = dwarf;
				ENABLE_STRICT_OBJC_MSGSEND = YES;
				ENABLE_TESTABILITY = YES;
				GCC_C_LANGUAGE_STANDARD = gnu11;
				GCC_DYNAMIC_NO_PIC = NO;
				GCC_NO_COMMON_BLOCKS = YES;
				GCC_OPTIMIZATION_LEVEL = 0;
				GCC_PREPROCESSOR_DEFINITIONS = (
					"DEBUG=1",
					"$(inherited)",
				);
				GCC_WARN_64_TO_32_BIT_CONVERSION = YES;
				GCC_WARN_ABOUT_RETURN_TYPE = YES_ERROR;
				GCC_WARN_UNDECLARED_SELECTOR = YES;
				GCC_WARN_UNINITIALIZED_AUTOS = YES_AGGRESSIVE;
				GCC_WARN_UNUSED_FUNCTION = YES;
				GCC_WARN_UNUSED_VARIABLE = YES;
				IPHONEOS_DEPLOYMENT_TARGET = 11.0;
				MTL_ENABLE_DEBUG_INFO = YES;
				ONLY_ACTIVE_ARCH = YES;
				SDKROOT = iphoneos;
				SWIFT_ACTIVE_COMPILATION_CONDITIONS = DEBUG;
				SWIFT_OPTIMIZATION_LEVEL = "-Onone";
			};
			name = Debug;
		};
		DBA225E81F9FB42F003AE160 /* Release */ = {
			isa = XCBuildConfiguration;
			buildSettings = {
				ALWAYS_SEARCH_USER_PATHS = NO;
				CLANG_ANALYZER_NONNULL = YES;
				CLANG_ANALYZER_NUMBER_OBJECT_CONVERSION = YES_AGGRESSIVE;
				CLANG_CXX_LANGUAGE_STANDARD = "gnu++14";
				CLANG_CXX_LIBRARY = "libc++";
				CLANG_ENABLE_MODULES = YES;
				CLANG_ENABLE_OBJC_ARC = YES;
				CLANG_WARN_BLOCK_CAPTURE_AUTORELEASING = YES;
				CLANG_WARN_BOOL_CONVERSION = YES;
				CLANG_WARN_COMMA = YES;
				CLANG_WARN_CONSTANT_CONVERSION = YES;
				CLANG_WARN_DIRECT_OBJC_ISA_USAGE = YES_ERROR;
				CLANG_WARN_DOCUMENTATION_COMMENTS = YES;
				CLANG_WARN_EMPTY_BODY = YES;
				CLANG_WARN_ENUM_CONVERSION = YES;
				CLANG_WARN_INFINITE_RECURSION = YES;
				CLANG_WARN_INT_CONVERSION = YES;
				CLANG_WARN_NON_LITERAL_NULL_CONVERSION = YES;
				CLANG_WARN_OBJC_LITERAL_CONVERSION = YES;
				CLANG_WARN_OBJC_ROOT_CLASS = YES_ERROR;
				CLANG_WARN_RANGE_LOOP_ANALYSIS = YES;
				CLANG_WARN_STRICT_PROTOTYPES = YES;
				CLANG_WARN_SUSPICIOUS_MOVE = YES;
				CLANG_WARN_UNGUARDED_AVAILABILITY = YES_AGGRESSIVE;
				CLANG_WARN_UNREACHABLE_CODE = YES;
				CLANG_WARN__DUPLICATE_METHOD_MATCH = YES;
				CODE_SIGN_IDENTITY = "iPhone Developer";
				COPY_PHASE_STRIP = NO;
				DEBUG_INFORMATION_FORMAT = "dwarf-with-dsym";
				ENABLE_NS_ASSERTIONS = NO;
				ENABLE_STRICT_OBJC_MSGSEND = YES;
				GCC_C_LANGUAGE_STANDARD = gnu11;
				GCC_NO_COMMON_BLOCKS = YES;
				GCC_WARN_64_TO_32_BIT_CONVERSION = YES;
				GCC_WARN_ABOUT_RETURN_TYPE = YES_ERROR;
				GCC_WARN_UNDECLARED_SELECTOR = YES;
				GCC_WARN_UNINITIALIZED_AUTOS = YES_AGGRESSIVE;
				GCC_WARN_UNUSED_FUNCTION = YES;
				GCC_WARN_UNUSED_VARIABLE = YES;
				IPHONEOS_DEPLOYMENT_TARGET = 11.0;
				MTL_ENABLE_DEBUG_INFO = NO;
				SDKROOT = iphoneos;
				SWIFT_OPTIMIZATION_LEVEL = "-Owholemodule";
				VALIDATE_PRODUCT = YES;
			};
			name = Release;
		};
		DBA225EA1F9FB42F003AE160 /* Debug */ = {
			isa = XCBuildConfiguration;
			baseConfigurationReference = 3A036691A2E2380CD323A182 /* Pods-Autonumber Scanner.debug.xcconfig */;
			buildSettings = {
				ASSETCATALOG_COMPILER_APPICON_NAME = AppIcon;
				CODE_SIGN_STYLE = Automatic;
				DEVELOPMENT_TEAM = MKJ3EVS82G;
				INFOPLIST_FILE = "Autonumber Scanner/Info.plist";
				LD_RUNPATH_SEARCH_PATHS = "$(inherited) @executable_path/Frameworks";
				PRODUCT_BUNDLE_IDENTIFIER = "andreysak.Autonumber-Scanner";
				PRODUCT_NAME = "$(TARGET_NAME)";
				SWIFT_VERSION = 4.0;
				TARGETED_DEVICE_FAMILY = "1,2";
			};
			name = Debug;
		};
		DBA225EB1F9FB42F003AE160 /* Release */ = {
			isa = XCBuildConfiguration;
			baseConfigurationReference = 5BF8918E83974501373F208C /* Pods-Autonumber Scanner.release.xcconfig */;
			buildSettings = {
				ASSETCATALOG_COMPILER_APPICON_NAME = AppIcon;
				CODE_SIGN_STYLE = Automatic;
				DEVELOPMENT_TEAM = MKJ3EVS82G;
				INFOPLIST_FILE = "Autonumber Scanner/Info.plist";
				LD_RUNPATH_SEARCH_PATHS = "$(inherited) @executable_path/Frameworks";
				PRODUCT_BUNDLE_IDENTIFIER = "andreysak.Autonumber-Scanner";
				PRODUCT_NAME = "$(TARGET_NAME)";
				SWIFT_VERSION = 4.0;
				TARGETED_DEVICE_FAMILY = "1,2";
			};
			name = Release;
		};
/* End XCBuildConfiguration section */

/* Begin XCConfigurationList section */
		DBA225D21F9FB42F003AE160 /* Build configuration list for PBXProject "Autonumber Scanner" */ = {
			isa = XCConfigurationList;
			buildConfigurations = (
				DBA225E71F9FB42F003AE160 /* Debug */,
				DBA225E81F9FB42F003AE160 /* Release */,
			);
			defaultConfigurationIsVisible = 0;
			defaultConfigurationName = Release;
		};
		DBA225E91F9FB42F003AE160 /* Build configuration list for PBXNativeTarget "Autonumber Scanner" */ = {
			isa = XCConfigurationList;
			buildConfigurations = (
				DBA225EA1F9FB42F003AE160 /* Debug */,
				DBA225EB1F9FB42F003AE160 /* Release */,
			);
			defaultConfigurationIsVisible = 0;
			defaultConfigurationName = Release;
		};
/* End XCConfigurationList section */
	};
	rootObject = DBA225CF1F9FB42F003AE160 /* Project object */;
}
